// !$*UTF8*$!
{
	archiveVersion = 1;
	classes = {
	};
	objectVersion = 50;
	objects = {

/* Begin PBXBuildFile section */
		943868C220D275BF00947EFC /* StatusViewController.swift in Sources */ = {isa = PBXBuildFile; fileRef = 943868C120D275BF00947EFC /* StatusViewController.swift */; };
		943868C420D3666F00947EFC /* StarLoader.swift in Sources */ = {isa = PBXBuildFile; fileRef = 943868C320D3666F00947EFC /* StarLoader.swift */; };
		943868C620D3994100947EFC /* Physics.swift in Sources */ = {isa = PBXBuildFile; fileRef = 943868C520D3994100947EFC /* Physics.swift */; };
		943868C820D3D51E00947EFC /* Star.swift in Sources */ = {isa = PBXBuildFile; fileRef = 943868C720D3D51E00947EFC /* Star.swift */; };
		943868CA20D4DEDB00947EFC /* ViewController+SolarBuilder.swift in Sources */ = {isa = PBXBuildFile; fileRef = 943868C920D4DEDB00947EFC /* ViewController+SolarBuilder.swift */; };
		943868CC20D504C500947EFC /* OrbitNode.swift in Sources */ = {isa = PBXBuildFile; fileRef = 943868CB20D504C500947EFC /* OrbitNode.swift */; };
		943868CE20D548AE00947EFC /* ViewController+Gestures.swift in Sources */ = {isa = PBXBuildFile; fileRef = 943868CD20D548AE00947EFC /* ViewController+Gestures.swift */; };
		948C445020D15ED20072A812 /* AppDelegate.swift in Sources */ = {isa = PBXBuildFile; fileRef = 948C444F20D15ED20072A812 /* AppDelegate.swift */; };
		948C445220D15ED20072A812 /* art.scnassets in Resources */ = {isa = PBXBuildFile; fileRef = 948C445120D15ED20072A812 /* art.scnassets */; };
		948C445420D15ED20072A812 /* ViewController.swift in Sources */ = {isa = PBXBuildFile; fileRef = 948C445320D15ED20072A812 /* ViewController.swift */; };
		948C445720D15ED20072A812 /* Main.storyboard in Resources */ = {isa = PBXBuildFile; fileRef = 948C445520D15ED20072A812 /* Main.storyboard */; };
		948C445920D15ED30072A812 /* Assets.xcassets in Resources */ = {isa = PBXBuildFile; fileRef = 948C445820D15ED30072A812 /* Assets.xcassets */; };
		948C445C20D15ED30072A812 /* LaunchScreen.storyboard in Resources */ = {isa = PBXBuildFile; fileRef = 948C445A20D15ED30072A812 /* LaunchScreen.storyboard */; };
		948C446720D178240072A812 /* FocusSquareSegment.swift in Sources */ = {isa = PBXBuildFile; fileRef = 948C446520D178240072A812 /* FocusSquareSegment.swift */; };
		948C446820D178240072A812 /* FocusSquare.swift in Sources */ = {isa = PBXBuildFile; fileRef = 948C446620D178240072A812 /* FocusSquare.swift */; };
		948C446A20D17E9A0072A812 /* Default-568h@2x.png in Resources */ = {isa = PBXBuildFile; fileRef = 948C446920D17E9A0072A812 /* Default-568h@2x.png */; };
		948C446D20D17FD40072A812 /* Utilities.swift in Sources */ = {isa = PBXBuildFile; fileRef = 948C446C20D17FD40072A812 /* Utilities.swift */; };
		948C446F20D181DA0072A812 /* ViewController+ARSCNViewDelegate.swift in Sources */ = {isa = PBXBuildFile; fileRef = 948C446E20D181DA0072A812 /* ViewController+ARSCNViewDelegate.swift */; };
		948C447120D206790072A812 /* Log.swift in Sources */ = {isa = PBXBuildFile; fileRef = 948C447020D206790072A812 /* Log.swift */; };
/* End PBXBuildFile section */

/* Begin PBXFileReference section */
		943868C120D275BF00947EFC /* StatusViewController.swift */ = {isa = PBXFileReference; fileEncoding = 4; lastKnownFileType = sourcecode.swift; path = StatusViewController.swift; sourceTree = "<group>"; };
		943868C320D3666F00947EFC /* StarLoader.swift */ = {isa = PBXFileReference; lastKnownFileType = sourcecode.swift; path = StarLoader.swift; sourceTree = "<group>"; };
		943868C520D3994100947EFC /* Physics.swift */ = {isa = PBXFileReference; lastKnownFileType = sourcecode.swift; path = Physics.swift; sourceTree = "<group>"; };
		943868C720D3D51E00947EFC /* Star.swift */ = {isa = PBXFileReference; lastKnownFileType = sourcecode.swift; path = Star.swift; sourceTree = "<group>"; };
		943868C920D4DEDB00947EFC /* ViewController+SolarBuilder.swift */ = {isa = PBXFileReference; lastKnownFileType = sourcecode.swift; path = "ViewController+SolarBuilder.swift"; sourceTree = "<group>"; };
		943868CB20D504C500947EFC /* OrbitNode.swift */ = {isa = PBXFileReference; lastKnownFileType = sourcecode.swift; path = OrbitNode.swift; sourceTree = "<group>"; };
		943868CD20D548AE00947EFC /* ViewController+Gestures.swift */ = {isa = PBXFileReference; lastKnownFileType = sourcecode.swift; path = "ViewController+Gestures.swift"; sourceTree = "<group>"; };
		948C444C20D15ED20072A812 /* ARSolar.app */ = {isa = PBXFileReference; explicitFileType = wrapper.application; includeInIndex = 0; path = ARSolar.app; sourceTree = BUILT_PRODUCTS_DIR; };
		948C444F20D15ED20072A812 /* AppDelegate.swift */ = {isa = PBXFileReference; lastKnownFileType = sourcecode.swift; path = AppDelegate.swift; sourceTree = "<group>"; };
		948C445120D15ED20072A812 /* art.scnassets */ = {isa = PBXFileReference; lastKnownFileType = wrapper.scnassets; path = art.scnassets; sourceTree = "<group>"; };
		948C445320D15ED20072A812 /* ViewController.swift */ = {isa = PBXFileReference; lastKnownFileType = sourcecode.swift; path = ViewController.swift; sourceTree = "<group>"; };
		948C445620D15ED20072A812 /* Base */ = {isa = PBXFileReference; lastKnownFileType = file.storyboard; name = Base; path = Base.lproj/Main.storyboard; sourceTree = "<group>"; };
		948C445820D15ED30072A812 /* Assets.xcassets */ = {isa = PBXFileReference; lastKnownFileType = folder.assetcatalog; path = Assets.xcassets; sourceTree = "<group>"; };
		948C445B20D15ED30072A812 /* Base */ = {isa = PBXFileReference; lastKnownFileType = file.storyboard; name = Base; path = Base.lproj/LaunchScreen.storyboard; sourceTree = "<group>"; };
		948C445D20D15ED30072A812 /* Info.plist */ = {isa = PBXFileReference; lastKnownFileType = text.plist.xml; path = Info.plist; sourceTree = "<group>"; };
		948C446520D178240072A812 /* FocusSquareSegment.swift */ = {isa = PBXFileReference; fileEncoding = 4; lastKnownFileType = sourcecode.swift; path = FocusSquareSegment.swift; sourceTree = "<group>"; };
		948C446620D178240072A812 /* FocusSquare.swift */ = {isa = PBXFileReference; fileEncoding = 4; lastKnownFileType = sourcecode.swift; path = FocusSquare.swift; sourceTree = "<group>"; };
		948C446920D17E9A0072A812 /* Default-568h@2x.png */ = {isa = PBXFileReference; lastKnownFileType = image.png; path = "Default-568h@2x.png"; sourceTree = "<group>"; };
		948C446C20D17FD40072A812 /* Utilities.swift */ = {isa = PBXFileReference; fileEncoding = 4; lastKnownFileType = sourcecode.swift; path = Utilities.swift; sourceTree = "<group>"; };
		948C446E20D181DA0072A812 /* ViewController+ARSCNViewDelegate.swift */ = {isa = PBXFileReference; lastKnownFileType = sourcecode.swift; path = "ViewController+ARSCNViewDelegate.swift"; sourceTree = "<group>"; };
		948C447020D206790072A812 /* Log.swift */ = {isa = PBXFileReference; fileEncoding = 4; lastKnownFileType = sourcecode.swift; path = Log.swift; sourceTree = "<group>"; };
/* End PBXFileReference section */

/* Begin PBXFrameworksBuildPhase section */
		948C444920D15ED20072A812 /* Frameworks */ = {
			isa = PBXFrameworksBuildPhase;
			buildActionMask = 2147483647;
			files = (
			);
			runOnlyForDeploymentPostprocessing = 0;
		};
/* End PBXFrameworksBuildPhase section */

/* Begin PBXGroup section */
		948C444320D15ED20072A812 = {
			isa = PBXGroup;
			children = (
				948C444E20D15ED20072A812 /* ARSolar */,
				948C444D20D15ED20072A812 /* Products */,
			);
			sourceTree = "<group>";
		};
		948C444D20D15ED20072A812 /* Products */ = {
			isa = PBXGroup;
			children = (
				948C444C20D15ED20072A812 /* ARSolar.app */,
			);
			name = Products;
			sourceTree = "<group>";
		};
		948C444E20D15ED20072A812 /* ARSolar */ = {
			isa = PBXGroup;
			children = (
				948C444F20D15ED20072A812 /* AppDelegate.swift */,
				948C445320D15ED20072A812 /* ViewController.swift */,
				943868C920D4DEDB00947EFC /* ViewController+SolarBuilder.swift */,
				948C446E20D181DA0072A812 /* ViewController+ARSCNViewDelegate.swift */,
				943868CD20D548AE00947EFC /* ViewController+Gestures.swift */,
				943868C120D275BF00947EFC /* StatusViewController.swift */,
				943868C320D3666F00947EFC /* StarLoader.swift */,
				943868C720D3D51E00947EFC /* Star.swift */,
				943868CB20D504C500947EFC /* OrbitNode.swift */,
				943868C520D3994100947EFC /* Physics.swift */,
				948C446420D178240072A812 /* Focus Square */,
				948C446B20D17FD40072A812 /* Utilities */,
				948C446320D177850072A812 /* Resources */,
			);
			path = ARSolar;
			sourceTree = "<group>";
		};
		948C446320D177850072A812 /* Resources */ = {
			isa = PBXGroup;
			children = (
				948C446920D17E9A0072A812 /* Default-568h@2x.png */,
				948C445820D15ED30072A812 /* Assets.xcassets */,
				948C445120D15ED20072A812 /* art.scnassets */,
				948C445520D15ED20072A812 /* Main.storyboard */,
				948C445A20D15ED30072A812 /* LaunchScreen.storyboard */,
				948C445D20D15ED30072A812 /* Info.plist */,
			);
			path = Resources;
			sourceTree = "<group>";
		};
		948C446420D178240072A812 /* Focus Square */ = {
			isa = PBXGroup;
			children = (
				948C446520D178240072A812 /* FocusSquareSegment.swift */,
				948C446620D178240072A812 /* FocusSquare.swift */,
			);
			path = "Focus Square";
			sourceTree = "<group>";
		};
		948C446B20D17FD40072A812 /* Utilities */ = {
			isa = PBXGroup;
			children = (
				948C447020D206790072A812 /* Log.swift */,
				948C446C20D17FD40072A812 /* Utilities.swift */,
			);
			path = Utilities;
			sourceTree = "<group>";
		};
/* End PBXGroup section */

/* Begin PBXNativeTarget section */
		948C444B20D15ED20072A812 /* ARSolar */ = {
			isa = PBXNativeTarget;
			buildConfigurationList = 948C446020D15ED30072A812 /* Build configuration list for PBXNativeTarget "ARSolar" */;
			buildPhases = (
				948C444820D15ED20072A812 /* Sources */,
				948C444920D15ED20072A812 /* Frameworks */,
				948C444A20D15ED20072A812 /* Resources */,
			);
			buildRules = (
			);
			dependencies = (
			);
			name = ARSolar;
			productName = ARSolar;
			productReference = 948C444C20D15ED20072A812 /* ARSolar.app */;
			productType = "com.apple.product-type.application";
		};
/* End PBXNativeTarget section */

/* Begin PBXProject section */
		948C444420D15ED20072A812 /* Project object */ = {
			isa = PBXProject;
			attributes = {
				LastSwiftUpdateCheck = 1000;
				LastUpgradeCheck = 1000;
				ORGANIZATIONNAME = "Yichao Wu";
				TargetAttributes = {
					948C444B20D15ED20072A812 = {
						CreatedOnToolsVersion = 10.0;
					};
				};
			};
			buildConfigurationList = 948C444720D15ED20072A812 /* Build configuration list for PBXProject "ARSolar" */;
			compatibilityVersion = "Xcode 9.3";
			developmentRegion = en;
			hasScannedForEncodings = 0;
			knownRegions = (
				en,
				Base,
			);
			mainGroup = 948C444320D15ED20072A812;
			productRefGroup = 948C444D20D15ED20072A812 /* Products */;
			projectDirPath = "";
			projectRoot = "";
			targets = (
				948C444B20D15ED20072A812 /* ARSolar */,
			);
		};
/* End PBXProject section */

/* Begin PBXResourcesBuildPhase section */
		948C444A20D15ED20072A812 /* Resources */ = {
			isa = PBXResourcesBuildPhase;
			buildActionMask = 2147483647;
			files = (
				948C445220D15ED20072A812 /* art.scnassets in Resources */,
				948C445C20D15ED30072A812 /* LaunchScreen.storyboard in Resources */,
				948C445920D15ED30072A812 /* Assets.xcassets in Resources */,
				948C446A20D17E9A0072A812 /* Default-568h@2x.png in Resources */,
				948C445720D15ED20072A812 /* Main.storyboard in Resources */,
			);
			runOnlyForDeploymentPostprocessing = 0;
		};
/* End PBXResourcesBuildPhase section */

/* Begin PBXSourcesBuildPhase section */
		948C444820D15ED20072A812 /* Sources */ = {
			isa = PBXSourcesBuildPhase;
			buildActionMask = 2147483647;
			files = (
				943868C420D3666F00947EFC /* StarLoader.swift in Sources */,
				943868C220D275BF00947EFC /* StatusViewController.swift in Sources */,
				943868C820D3D51E00947EFC /* Star.swift in Sources */,
				948C446F20D181DA0072A812 /* ViewController+ARSCNViewDelegate.swift in Sources */,
				948C447120D206790072A812 /* Log.swift in Sources */,
				948C445420D15ED20072A812 /* ViewController.swift in Sources */,
				948C446820D178240072A812 /* FocusSquare.swift in Sources */,
				948C446720D178240072A812 /* FocusSquareSegment.swift in Sources */,
				943868C620D3994100947EFC /* Physics.swift in Sources */,
				948C446D20D17FD40072A812 /* Utilities.swift in Sources */,
				943868CE20D548AE00947EFC /* ViewController+Gestures.swift in Sources */,
				943868CC20D504C500947EFC /* OrbitNode.swift in Sources */,
				943868CA20D4DEDB00947EFC /* ViewController+SolarBuilder.swift in Sources */,
				948C445020D15ED20072A812 /* AppDelegate.swift in Sources */,
			);
			runOnlyForDeploymentPostprocessing = 0;
		};
/* End PBXSourcesBuildPhase section */

/* Begin PBXVariantGroup section */
		948C445520D15ED20072A812 /* Main.storyboard */ = {
			isa = PBXVariantGroup;
			children = (
				948C445620D15ED20072A812 /* Base */,
			);
			name = Main.storyboard;
			sourceTree = "<group>";
		};
		948C445A20D15ED30072A812 /* LaunchScreen.storyboard */ = {
			isa = PBXVariantGroup;
			children = (
				948C445B20D15ED30072A812 /* Base */,
			);
			name = LaunchScreen.storyboard;
			sourceTree = "<group>";
		};
/* End PBXVariantGroup section */

/* Begin XCBuildConfiguration section */
		948C445E20D15ED30072A812 /* Debug */ = {
			isa = XCBuildConfiguration;
			buildSettings = {
				ALWAYS_SEARCH_USER_PATHS = NO;
				CLANG_ANALYZER_NONNULL = YES;
				CLANG_ANALYZER_NUMBER_OBJECT_CONVERSION = YES_AGGRESSIVE;
				CLANG_CXX_LANGUAGE_STANDARD = "gnu++14";
				CLANG_CXX_LIBRARY = "libc++";
				CLANG_ENABLE_MODULES = YES;
				CLANG_ENABLE_OBJC_ARC = YES;
				CLANG_ENABLE_OBJC_WEAK = YES;
				CLANG_WARN_BLOCK_CAPTURE_AUTORELEASING = YES;
				CLANG_WARN_BOOL_CONVERSION = YES;
				CLANG_WARN_COMMA = YES;
				CLANG_WARN_CONSTANT_CONVERSION = YES;
				CLANG_WARN_DEPRECATED_OBJC_IMPLEMENTATIONS = YES;
				CLANG_WARN_DIRECT_OBJC_ISA_USAGE = YES_ERROR;
				CLANG_WARN_DOCUMENTATION_COMMENTS = YES;
				CLANG_WARN_EMPTY_BODY = YES;
				CLANG_WARN_ENUM_CONVERSION = YES;
				CLANG_WARN_INFINITE_RECURSION = YES;
				CLANG_WARN_INT_CONVERSION = YES;
				CLANG_WARN_NON_LITERAL_NULL_CONVERSION = YES;
				CLANG_WARN_OBJC_IMPLICIT_RETAIN_SELF = YES;
				CLANG_WARN_OBJC_LITERAL_CONVERSION = YES;
				CLANG_WARN_OBJC_ROOT_CLASS = YES_ERROR;
				CLANG_WARN_RANGE_LOOP_ANALYSIS = YES;
				CLANG_WARN_STRICT_PROTOTYPES = YES;
				CLANG_WARN_SUSPICIOUS_MOVE = YES;
				CLANG_WARN_UNGUARDED_AVAILABILITY = YES_AGGRESSIVE;
				CLANG_WARN_UNREACHABLE_CODE = YES;
				CLANG_WARN__DUPLICATE_METHOD_MATCH = YES;
				CODE_SIGN_IDENTITY = "iPhone Developer";
				COPY_PHASE_STRIP = NO;
				DEBUG_INFORMATION_FORMAT = dwarf;
				ENABLE_STRICT_OBJC_MSGSEND = YES;
				ENABLE_TESTABILITY = YES;
				GCC_C_LANGUAGE_STANDARD = gnu11;
				GCC_DYNAMIC_NO_PIC = NO;
				GCC_NO_COMMON_BLOCKS = YES;
				GCC_OPTIMIZATION_LEVEL = 0;
				GCC_PREPROCESSOR_DEFINITIONS = (
					"DEBUG=1",
					"$(inherited)",
				);
				GCC_WARN_64_TO_32_BIT_CONVERSION = YES;
				GCC_WARN_ABOUT_RETURN_TYPE = YES_ERROR;
				GCC_WARN_UNDECLARED_SELECTOR = YES;
				GCC_WARN_UNINITIALIZED_AUTOS = YES_AGGRESSIVE;
				GCC_WARN_UNUSED_FUNCTION = YES;
				GCC_WARN_UNUSED_VARIABLE = YES;
				IPHONEOS_DEPLOYMENT_TARGET = 12.0;
				MTL_ENABLE_DEBUG_INFO = INCLUDE_SOURCE;
				ONLY_ACTIVE_ARCH = YES;
				SDKROOT = iphoneos;
				SWIFT_ACTIVE_COMPILATION_CONDITIONS = DEBUG;
				SWIFT_OPTIMIZATION_LEVEL = "-Onone";
			};
			name = Debug;
		};
		948C445F20D15ED30072A812 /* Release */ = {
			isa = XCBuildConfiguration;
			buildSettings = {
				ALWAYS_SEARCH_USER_PATHS = NO;
				CLANG_ANALYZER_NONNULL = YES;
				CLANG_ANALYZER_NUMBER_OBJECT_CONVERSION = YES_AGGRESSIVE;
				CLANG_CXX_LANGUAGE_STANDARD = "gnu++14";
				CLANG_CXX_LIBRARY = "libc++";
				CLANG_ENABLE_MODULES = YES;
				CLANG_ENABLE_OBJC_ARC = YES;
				CLANG_ENABLE_OBJC_WEAK = YES;
				CLANG_WARN_BLOCK_CAPTURE_AUTORELEASING = YES;
				CLANG_WARN_BOOL_CONVERSION = YES;
				CLANG_WARN_COMMA = YES;
				CLANG_WARN_CONSTANT_CONVERSION = YES;
				CLANG_WARN_DEPRECATED_OBJC_IMPLEMENTATIONS = YES;
				CLANG_WARN_DIRECT_OBJC_ISA_USAGE = YES_ERROR;
				CLANG_WARN_DOCUMENTATION_COMMENTS = YES;
				CLANG_WARN_EMPTY_BODY = YES;
				CLANG_WARN_ENUM_CONVERSION = YES;
				CLANG_WARN_INFINITE_RECURSION = YES;
				CLANG_WARN_INT_CONVERSION = YES;
				CLANG_WARN_NON_LITERAL_NULL_CONVERSION = YES;
				CLANG_WARN_OBJC_IMPLICIT_RETAIN_SELF = YES;
				CLANG_WARN_OBJC_LITERAL_CONVERSION = YES;
				CLANG_WARN_OBJC_ROOT_CLASS = YES_ERROR;
				CLANG_WARN_RANGE_LOOP_ANALYSIS = YES;
				CLANG_WARN_STRICT_PROTOTYPES = YES;
				CLANG_WARN_SUSPICIOUS_MOVE = YES;
				CLANG_WARN_UNGUARDED_AVAILABILITY = YES_AGGRESSIVE;
				CLANG_WARN_UNREACHABLE_CODE = YES;
				CLANG_WARN__DUPLICATE_METHOD_MATCH = YES;
				CODE_SIGN_IDENTITY = "iPhone Developer";
				COPY_PHASE_STRIP = NO;
				DEBUG_INFORMATION_FORMAT = "dwarf-with-dsym";
				ENABLE_NS_ASSERTIONS = NO;
				ENABLE_STRICT_OBJC_MSGSEND = YES;
				GCC_C_LANGUAGE_STANDARD = gnu11;
				GCC_NO_COMMON_BLOCKS = YES;
				GCC_WARN_64_TO_32_BIT_CONVERSION = YES;
				GCC_WARN_ABOUT_RETURN_TYPE = YES_ERROR;
				GCC_WARN_UNDECLARED_SELECTOR = YES;
				GCC_WARN_UNINITIALIZED_AUTOS = YES_AGGRESSIVE;
				GCC_WARN_UNUSED_FUNCTION = YES;
				GCC_WARN_UNUSED_VARIABLE = YES;
				IPHONEOS_DEPLOYMENT_TARGET = 12.0;
				MTL_ENABLE_DEBUG_INFO = NO;
				SDKROOT = iphoneos;
				SWIFT_COMPILATION_MODE = wholemodule;
				SWIFT_OPTIMIZATION_LEVEL = "-O";
				VALIDATE_PRODUCT = YES;
			};
			name = Release;
		};
		948C446120D15ED30072A812 /* Debug */ = {
			isa = XCBuildConfiguration;
			buildSettings = {
				ASSETCATALOG_COMPILER_APPICON_NAME = AppIcon;
				CODE_SIGN_STYLE = Automatic;
				DEVELOPMENT_TEAM = J8M2494AS4;
				INFOPLIST_FILE = "$(SRCROOT)/ARSolar/Resources/Info.plist";
				LD_RUNPATH_SEARCH_PATHS = (
					"$(inherited)",
					"@executable_path/Frameworks",
				);
				PRODUCT_BUNDLE_IDENTIFIER = com.wyc.ARSolar;
				PRODUCT_NAME = "$(TARGET_NAME)";
				SWIFT_VERSION = 4.2;
				TARGETED_DEVICE_FAMILY = "1,2";
			};
			name = Debug;
		};
		948C446220D15ED30072A812 /* Release */ = {
			isa = XCBuildConfiguration;
			buildSettings = {
				ASSETCATALOG_COMPILER_APPICON_NAME = AppIcon;
				CODE_SIGN_STYLE = Automatic;
				DEVELOPMENT_TEAM = J8M2494AS4;
				INFOPLIST_FILE = "$(SRCROOT)/ARSolar/Resources/Info.plist";
				LD_RUNPATH_SEARCH_PATHS = (
					"$(inherited)",
					"@executable_path/Frameworks",
				);
				PRODUCT_BUNDLE_IDENTIFIER = com.wyc.ARSolar;
				PRODUCT_NAME = "$(TARGET_NAME)";
				SWIFT_VERSION = 4.2;
				TARGETED_DEVICE_FAMILY = "1,2";
			};
			name = Release;
		};
/* End XCBuildConfiguration section */

/* Begin XCConfigurationList section */
		948C444720D15ED20072A812 /* Build configuration list for PBXProject "ARSolar" */ = {
			isa = XCConfigurationList;
			buildConfigurations = (
				948C445E20D15ED30072A812 /* Debug */,
				948C445F20D15ED30072A812 /* Release */,
			);
			defaultConfigurationIsVisible = 0;
			defaultConfigurationName = Release;
		};
		948C446020D15ED30072A812 /* Build configuration list for PBXNativeTarget "ARSolar" */ = {
			isa = XCConfigurationList;
			buildConfigurations = (
				948C446120D15ED30072A812 /* Debug */,
				948C446220D15ED30072A812 /* Release */,
			);
			defaultConfigurationIsVisible = 0;
			defaultConfigurationName = Release;
		};
/* End XCConfigurationList section */
	};
	rootObject = 948C444420D15ED20072A812 /* Project object */;
}
